// !$*UTF8*$!
{
	archiveVersion = 1;
	classes = {
	};
	objectVersion = 46;
	objects = {

/* Begin PBXBuildFile section */
		9D16DD5F1BDE8AA4005C6FFE /* NotificationManager.swift in Sources */ = {isa = PBXBuildFile; fileRef = 9D16DD5E1BDE8AA4005C6FFE /* NotificationManager.swift */; };
		9D72A00F1BF70B8B007EAEFD /* Localizable.strings in Resources */ = {isa = PBXBuildFile; fileRef = 9D72A0111BF70B8B007EAEFD /* Localizable.strings */; };
		C71504071BEE04C00023A871 /* NotificationBuilder.swift in Sources */ = {isa = PBXBuildFile; fileRef = C71504061BEE04C00023A871 /* NotificationBuilder.swift */; };
		C772A4961BF8B09A00E97857 /* WaterLogManager.swift in Sources */ = {isa = PBXBuildFile; fileRef = C772A4951BF8B09A00E97857 /* WaterLogManager.swift */; };
		C78C213B1BDCEB3900DB45A8 /* HealthManager.swift in Sources */ = {isa = PBXBuildFile; fileRef = C78C213A1BDCEB3900DB45A8 /* HealthManager.swift */; };
		C7A1ECBB1BDB9D8D00E51EE8 /* waterfulDataModel.xcdatamodeld in Sources */ = {isa = PBXBuildFile; fileRef = C7A1ECB91BDB9D8D00E51EE8 /* waterfulDataModel.xcdatamodeld */; };
		C7BB7FA71BEE0DF000C4C12F /* WaterPattern.swift in Sources */ = {isa = PBXBuildFile; fileRef = C7BB7FA61BEE0DF000C4C12F /* WaterPattern.swift */; };
		C7BB7FA91BEE0EEC00C4C12F /* WaterPatternPredictor.swift in Sources */ = {isa = PBXBuildFile; fileRef = C7BB7FA81BEE0EEC00C4C12F /* WaterPatternPredictor.swift */; };
		C7E4952F1BDCB9B3004FAF45 /* WaterLog+CoreDataProperties.swift in Sources */ = {isa = PBXBuildFile; fileRef = C7E495271BDCB9B3004FAF45 /* WaterLog+CoreDataProperties.swift */; };
		C7E495301BDCB9B3004FAF45 /* WaterLog.swift in Sources */ = {isa = PBXBuildFile; fileRef = C7E495281BDCB9B3004FAF45 /* WaterLog.swift */; };
		C7E495311BDCB9B3004FAF45 /* StepDate+CoreDataProperties.swift in Sources */ = {isa = PBXBuildFile; fileRef = C7E495291BDCB9B3004FAF45 /* StepDate+CoreDataProperties.swift */; };
		C7E495321BDCB9B3004FAF45 /* StepDate.swift in Sources */ = {isa = PBXBuildFile; fileRef = C7E4952A1BDCB9B3004FAF45 /* StepDate.swift */; };
		C7E495331BDCB9B3004FAF45 /* Setting+CoreDataProperties.swift in Sources */ = {isa = PBXBuildFile; fileRef = C7E4952B1BDCB9B3004FAF45 /* Setting+CoreDataProperties.swift */; };
		C7E495341BDCB9B3004FAF45 /* Setting.swift in Sources */ = {isa = PBXBuildFile; fileRef = C7E4952C1BDCB9B3004FAF45 /* Setting.swift */; };
		F4088FB61BF60E6D00A7D988 /* WaterLogViewController.swift in Sources */ = {isa = PBXBuildFile; fileRef = F4088FB51BF60E6D00A7D988 /* WaterLogViewController.swift */; };
		F48C7EDD1CBA3E08006FB971 /* HealthKit.framework in Frameworks */ = {isa = PBXBuildFile; fileRef = F48C7EDC1CBA3E08006FB971 /* HealthKit.framework */; };
		F4AC19381BF72B8D00079EC1 /* GlanceInterfaceController.swift in Sources */ = {isa = PBXBuildFile; fileRef = F4AC19371BF72B8D00079EC1 /* GlanceInterfaceController.swift */; };
		F4AF28C61BDEF84E00E36E1B /* SettingTableViewController.swift in Sources */ = {isa = PBXBuildFile; fileRef = F4AF28C51BDEF84E00E36E1B /* SettingTableViewController.swift */; };
		F4B2E89C1BC6C9EC00A93E58 /* AppDelegate.swift in Sources */ = {isa = PBXBuildFile; fileRef = F4B2E89B1BC6C9EC00A93E58 /* AppDelegate.swift */; };
		F4B2E89E1BC6C9EC00A93E58 /* ViewController.swift in Sources */ = {isa = PBXBuildFile; fileRef = F4B2E89D1BC6C9EC00A93E58 /* ViewController.swift */; };
		F4B2E8A11BC6C9EC00A93E58 /* Main.storyboard in Resources */ = {isa = PBXBuildFile; fileRef = F4B2E89F1BC6C9EC00A93E58 /* Main.storyboard */; };
		F4B2E8A31BC6C9EC00A93E58 /* Assets.xcassets in Resources */ = {isa = PBXBuildFile; fileRef = F4B2E8A21BC6C9EC00A93E58 /* Assets.xcassets */; };
		F4B2E8A61BC6C9EC00A93E58 /* LaunchScreen.storyboard in Resources */ = {isa = PBXBuildFile; fileRef = F4B2E8A41BC6C9EC00A93E58 /* LaunchScreen.storyboard */; };
		F4B2E8B11BC6C9EC00A93E58 /* waterfulTests.swift in Sources */ = {isa = PBXBuildFile; fileRef = F4B2E8B01BC6C9EC00A93E58 /* waterfulTests.swift */; };
		F4B2E8BC1BC6C9EC00A93E58 /* waterfulUITests.swift in Sources */ = {isa = PBXBuildFile; fileRef = F4B2E8BB1BC6C9EC00A93E58 /* waterfulUITests.swift */; };
		F4B2E8CF1BC6CA1700A93E58 /* Interface.storyboard in Resources */ = {isa = PBXBuildFile; fileRef = F4B2E8CD1BC6CA1700A93E58 /* Interface.storyboard */; };
		F4B2E8D11BC6CA1700A93E58 /* Assets.xcassets in Resources */ = {isa = PBXBuildFile; fileRef = F4B2E8D01BC6CA1700A93E58 /* Assets.xcassets */; };
		F4B2E8D81BC6CA1700A93E58 /* waterful_watch Extension.appex in Embed App Extensions */ = {isa = PBXBuildFile; fileRef = F4B2E8D71BC6CA1700A93E58 /* waterful_watch Extension.appex */; settings = {ATTRIBUTES = (RemoveHeadersOnCopy, ); }; };
		F4B2E8DF1BC6CA1700A93E58 /* InterfaceController.swift in Sources */ = {isa = PBXBuildFile; fileRef = F4B2E8DE1BC6CA1700A93E58 /* InterfaceController.swift */; };
		F4B2E8E11BC6CA1700A93E58 /* ExtensionDelegate.swift in Sources */ = {isa = PBXBuildFile; fileRef = F4B2E8E01BC6CA1700A93E58 /* ExtensionDelegate.swift */; };
		F4B2E8E31BC6CA1700A93E58 /* NotificationController.swift in Sources */ = {isa = PBXBuildFile; fileRef = F4B2E8E21BC6CA1700A93E58 /* NotificationController.swift */; };
		F4B2E8E51BC6CA1700A93E58 /* Assets.xcassets in Resources */ = {isa = PBXBuildFile; fileRef = F4B2E8E41BC6CA1700A93E58 /* Assets.xcassets */; };
		F4B2E8E91BC6CA1700A93E58 /* waterful_watch.app in Embed Watch Content */ = {isa = PBXBuildFile; fileRef = F4B2E8CB1BC6CA1700A93E58 /* waterful_watch.app */; };
		F4B3F3EA1BFC8BEF00CB332A /* HowToPageViewController.swift in Sources */ = {isa = PBXBuildFile; fileRef = F4B3F3E91BFC8BEF00CB332A /* HowToPageViewController.swift */; };
		F4B3F3EC1BFC964100CB332A /* ContentViewController.swift in Sources */ = {isa = PBXBuildFile; fileRef = F4B3F3EB1BFC964100CB332A /* ContentViewController.swift */; };
		F4BFE5411C05566000DC596E /* AddWaterLogViewController.swift in Sources */ = {isa = PBXBuildFile; fileRef = F4BFE5401C05566000DC596E /* AddWaterLogViewController.swift */; };
/* End PBXBuildFile section */

/* Begin PBXContainerItemProxy section */
		F4B2E8AD1BC6C9EC00A93E58 /* PBXContainerItemProxy */ = {
			isa = PBXContainerItemProxy;
			containerPortal = F4B2E8901BC6C9EC00A93E58 /* Project object */;
			proxyType = 1;
			remoteGlobalIDString = F4B2E8971BC6C9EC00A93E58;
			remoteInfo = waterful;
		};
		F4B2E8B81BC6C9EC00A93E58 /* PBXContainerItemProxy */ = {
			isa = PBXContainerItemProxy;
			containerPortal = F4B2E8901BC6C9EC00A93E58 /* Project object */;
			proxyType = 1;
			remoteGlobalIDString = F4B2E8971BC6C9EC00A93E58;
			remoteInfo = waterful;
		};
		F4B2E8D91BC6CA1700A93E58 /* PBXContainerItemProxy */ = {
			isa = PBXContainerItemProxy;
			containerPortal = F4B2E8901BC6C9EC00A93E58 /* Project object */;
			proxyType = 1;
			remoteGlobalIDString = F4B2E8D61BC6CA1700A93E58;
			remoteInfo = "waterful_watch Extension";
		};
		F4B2E8E71BC6CA1700A93E58 /* PBXContainerItemProxy */ = {
			isa = PBXContainerItemProxy;
			containerPortal = F4B2E8901BC6C9EC00A93E58 /* Project object */;
			proxyType = 1;
			remoteGlobalIDString = F4B2E8CA1BC6CA1700A93E58;
			remoteInfo = waterful_watch;
		};
/* End PBXContainerItemProxy section */

/* Begin PBXCopyFilesBuildPhase section */
		F4B2E8ED1BC6CA1700A93E58 /* Embed App Extensions */ = {
			isa = PBXCopyFilesBuildPhase;
			buildActionMask = 2147483647;
			dstPath = "";
			dstSubfolderSpec = 13;
			files = (
				F4B2E8D81BC6CA1700A93E58 /* waterful_watch Extension.appex in Embed App Extensions */,
			);
			name = "Embed App Extensions";
			runOnlyForDeploymentPostprocessing = 0;
		};
		F4B2E8F11BC6CA1700A93E58 /* Embed Watch Content */ = {
			isa = PBXCopyFilesBuildPhase;
			buildActionMask = 2147483647;
			dstPath = "$(CONTENTS_FOLDER_PATH)/Watch";
			dstSubfolderSpec = 16;
			files = (
				F4B2E8E91BC6CA1700A93E58 /* waterful_watch.app in Embed Watch Content */,
			);
			name = "Embed Watch Content";
			runOnlyForDeploymentPostprocessing = 0;
		};
/* End PBXCopyFilesBuildPhase section */

/* Begin PBXFileReference section */
		9D16DD5E1BDE8AA4005C6FFE /* NotificationManager.swift */ = {isa = PBXFileReference; fileEncoding = 4; lastKnownFileType = sourcecode.swift; name = NotificationManager.swift; path = waterful/NotificationManager.swift; sourceTree = "<group>"; };
		9D72A00B1BF709EA007EAEFD /* ko */ = {isa = PBXFileReference; lastKnownFileType = text.plist.strings; name = ko; path = ko.lproj/LaunchScreen.strings; sourceTree = "<group>"; };
		9D72A00C1BF709EA007EAEFD /* ko */ = {isa = PBXFileReference; lastKnownFileType = text.plist.strings; name = ko; path = ko.lproj/Interface.strings; sourceTree = "<group>"; };
		9D72A0101BF70B8B007EAEFD /* Base */ = {isa = PBXFileReference; lastKnownFileType = text.plist.strings; name = Base; path = Base.lproj/Localizable.strings; sourceTree = "<group>"; };
		9D72A0121BF70B9C007EAEFD /* en */ = {isa = PBXFileReference; lastKnownFileType = text.plist.strings; name = en; path = en.lproj/Localizable.strings; sourceTree = "<group>"; };
		9D72A0131BF70B9D007EAEFD /* ko */ = {isa = PBXFileReference; lastKnownFileType = text.plist.strings; name = ko; path = ko.lproj/Localizable.strings; sourceTree = "<group>"; };
		C71504061BEE04C00023A871 /* NotificationBuilder.swift */ = {isa = PBXFileReference; fileEncoding = 4; lastKnownFileType = sourcecode.swift; name = NotificationBuilder.swift; path = waterful/NotificationBuilder.swift; sourceTree = "<group>"; };
		C772A4951BF8B09A00E97857 /* WaterLogManager.swift */ = {isa = PBXFileReference; fileEncoding = 4; lastKnownFileType = sourcecode.swift; path = WaterLogManager.swift; sourceTree = "<group>"; };
		C78C213A1BDCEB3900DB45A8 /* HealthManager.swift */ = {isa = PBXFileReference; fileEncoding = 4; lastKnownFileType = sourcecode.swift; path = HealthManager.swift; sourceTree = "<group>"; };
		C7A1ECBA1BDB9D8D00E51EE8 /* waterfulDataModel.xcdatamodel */ = {isa = PBXFileReference; lastKnownFileType = wrapper.xcdatamodel; path = waterfulDataModel.xcdatamodel; sourceTree = "<group>"; };
		C7BB7FA61BEE0DF000C4C12F /* WaterPattern.swift */ = {isa = PBXFileReference; fileEncoding = 4; lastKnownFileType = sourcecode.swift; path = WaterPattern.swift; sourceTree = "<group>"; };
		C7BB7FA81BEE0EEC00C4C12F /* WaterPatternPredictor.swift */ = {isa = PBXFileReference; fileEncoding = 4; lastKnownFileType = sourcecode.swift; path = WaterPatternPredictor.swift; sourceTree = "<group>"; };
		C7E495271BDCB9B3004FAF45 /* WaterLog+CoreDataProperties.swift */ = {isa = PBXFileReference; fileEncoding = 4; lastKnownFileType = sourcecode.swift; name = "WaterLog+CoreDataProperties.swift"; path = "waterful/core_data/WaterLog+CoreDataProperties.swift"; sourceTree = "<group>"; };
		C7E495281BDCB9B3004FAF45 /* WaterLog.swift */ = {isa = PBXFileReference; fileEncoding = 4; lastKnownFileType = sourcecode.swift; name = WaterLog.swift; path = waterful/core_data/WaterLog.swift; sourceTree = "<group>"; };
		C7E495291BDCB9B3004FAF45 /* StepDate+CoreDataProperties.swift */ = {isa = PBXFileReference; fileEncoding = 4; lastKnownFileType = sourcecode.swift; name = "StepDate+CoreDataProperties.swift"; path = "waterful/core_data/StepDate+CoreDataProperties.swift"; sourceTree = "<group>"; };
		C7E4952A1BDCB9B3004FAF45 /* StepDate.swift */ = {isa = PBXFileReference; fileEncoding = 4; lastKnownFileType = sourcecode.swift; name = StepDate.swift; path = waterful/core_data/StepDate.swift; sourceTree = "<group>"; };
		C7E4952B1BDCB9B3004FAF45 /* Setting+CoreDataProperties.swift */ = {isa = PBXFileReference; fileEncoding = 4; lastKnownFileType = sourcecode.swift; name = "Setting+CoreDataProperties.swift"; path = "waterful/core_data/Setting+CoreDataProperties.swift"; sourceTree = "<group>"; };
		C7E4952C1BDCB9B3004FAF45 /* Setting.swift */ = {isa = PBXFileReference; fileEncoding = 4; lastKnownFileType = sourcecode.swift; name = Setting.swift; path = waterful/core_data/Setting.swift; sourceTree = "<group>"; };
		F4088FB51BF60E6D00A7D988 /* WaterLogViewController.swift */ = {isa = PBXFileReference; fileEncoding = 4; lastKnownFileType = sourcecode.swift; path = WaterLogViewController.swift; sourceTree = "<group>"; };
		F48C7EDC1CBA3E08006FB971 /* HealthKit.framework */ = {isa = PBXFileReference; lastKnownFileType = wrapper.framework; name = HealthKit.framework; path = System/Library/Frameworks/HealthKit.framework; sourceTree = SDKROOT; };
		F4AC19371BF72B8D00079EC1 /* GlanceInterfaceController.swift */ = {isa = PBXFileReference; fileEncoding = 4; lastKnownFileType = sourcecode.swift; path = GlanceInterfaceController.swift; sourceTree = "<group>"; };
		F4AF28C51BDEF84E00E36E1B /* SettingTableViewController.swift */ = {isa = PBXFileReference; fileEncoding = 4; lastKnownFileType = sourcecode.swift; path = SettingTableViewController.swift; sourceTree = "<group>"; };
		F4B2E8981BC6C9EC00A93E58 /* waterful.app */ = {isa = PBXFileReference; explicitFileType = wrapper.application; includeInIndex = 0; path = waterful.app; sourceTree = BUILT_PRODUCTS_DIR; };
		F4B2E89B1BC6C9EC00A93E58 /* AppDelegate.swift */ = {isa = PBXFileReference; lastKnownFileType = sourcecode.swift; path = AppDelegate.swift; sourceTree = "<group>"; };
		F4B2E89D1BC6C9EC00A93E58 /* ViewController.swift */ = {isa = PBXFileReference; lastKnownFileType = sourcecode.swift; path = ViewController.swift; sourceTree = "<group>"; };
		F4B2E8A01BC6C9EC00A93E58 /* Base */ = {isa = PBXFileReference; lastKnownFileType = file.storyboard; name = Base; path = Base.lproj/Main.storyboard; sourceTree = "<group>"; };
		F4B2E8A21BC6C9EC00A93E58 /* Assets.xcassets */ = {isa = PBXFileReference; lastKnownFileType = folder.assetcatalog; path = Assets.xcassets; sourceTree = "<group>"; };
		F4B2E8A51BC6C9EC00A93E58 /* Base */ = {isa = PBXFileReference; lastKnownFileType = file.storyboard; name = Base; path = Base.lproj/LaunchScreen.storyboard; sourceTree = "<group>"; };
		F4B2E8A71BC6C9EC00A93E58 /* Info.plist */ = {isa = PBXFileReference; lastKnownFileType = text.plist.xml; path = Info.plist; sourceTree = "<group>"; };
		F4B2E8AC1BC6C9EC00A93E58 /* waterfulTests.xctest */ = {isa = PBXFileReference; explicitFileType = wrapper.cfbundle; includeInIndex = 0; path = waterfulTests.xctest; sourceTree = BUILT_PRODUCTS_DIR; };
		F4B2E8B01BC6C9EC00A93E58 /* waterfulTests.swift */ = {isa = PBXFileReference; lastKnownFileType = sourcecode.swift; path = waterfulTests.swift; sourceTree = "<group>"; };
		F4B2E8B21BC6C9EC00A93E58 /* Info.plist */ = {isa = PBXFileReference; lastKnownFileType = text.plist.xml; path = Info.plist; sourceTree = "<group>"; };
		F4B2E8B71BC6C9EC00A93E58 /* waterfulUITests.xctest */ = {isa = PBXFileReference; explicitFileType = wrapper.cfbundle; includeInIndex = 0; path = waterfulUITests.xctest; sourceTree = BUILT_PRODUCTS_DIR; };
		F4B2E8BB1BC6C9EC00A93E58 /* waterfulUITests.swift */ = {isa = PBXFileReference; lastKnownFileType = sourcecode.swift; path = waterfulUITests.swift; sourceTree = "<group>"; };
		F4B2E8BD1BC6C9EC00A93E58 /* Info.plist */ = {isa = PBXFileReference; lastKnownFileType = text.plist.xml; path = Info.plist; sourceTree = "<group>"; };
		F4B2E8CB1BC6CA1700A93E58 /* waterful_watch.app */ = {isa = PBXFileReference; explicitFileType = wrapper.application; includeInIndex = 0; path = waterful_watch.app; sourceTree = BUILT_PRODUCTS_DIR; };
		F4B2E8CE1BC6CA1700A93E58 /* Base */ = {isa = PBXFileReference; lastKnownFileType = file.storyboard; name = Base; path = Base.lproj/Interface.storyboard; sourceTree = "<group>"; };
		F4B2E8D01BC6CA1700A93E58 /* Assets.xcassets */ = {isa = PBXFileReference; lastKnownFileType = folder.assetcatalog; path = Assets.xcassets; sourceTree = "<group>"; };
		F4B2E8D21BC6CA1700A93E58 /* Info.plist */ = {isa = PBXFileReference; lastKnownFileType = text.plist.xml; path = Info.plist; sourceTree = "<group>"; };
		F4B2E8D71BC6CA1700A93E58 /* waterful_watch Extension.appex */ = {isa = PBXFileReference; explicitFileType = "wrapper.app-extension"; includeInIndex = 0; path = "waterful_watch Extension.appex"; sourceTree = BUILT_PRODUCTS_DIR; };
		F4B2E8DD1BC6CA1700A93E58 /* PushNotificationPayload.apns */ = {isa = PBXFileReference; lastKnownFileType = text; path = PushNotificationPayload.apns; sourceTree = "<group>"; };
		F4B2E8DE1BC6CA1700A93E58 /* InterfaceController.swift */ = {isa = PBXFileReference; lastKnownFileType = sourcecode.swift; path = InterfaceController.swift; sourceTree = "<group>"; };
		F4B2E8E01BC6CA1700A93E58 /* ExtensionDelegate.swift */ = {isa = PBXFileReference; lastKnownFileType = sourcecode.swift; path = ExtensionDelegate.swift; sourceTree = "<group>"; };
		F4B2E8E21BC6CA1700A93E58 /* NotificationController.swift */ = {isa = PBXFileReference; lastKnownFileType = sourcecode.swift; path = NotificationController.swift; sourceTree = "<group>"; };
		F4B2E8E41BC6CA1700A93E58 /* Assets.xcassets */ = {isa = PBXFileReference; lastKnownFileType = folder.assetcatalog; path = Assets.xcassets; sourceTree = "<group>"; };
		F4B2E8E61BC6CA1700A93E58 /* Info.plist */ = {isa = PBXFileReference; lastKnownFileType = text.plist.xml; path = Info.plist; sourceTree = "<group>"; };
		F4B3F3E91BFC8BEF00CB332A /* HowToPageViewController.swift */ = {isa = PBXFileReference; fileEncoding = 4; lastKnownFileType = sourcecode.swift; path = HowToPageViewController.swift; sourceTree = "<group>"; };
		F4B3F3EB1BFC964100CB332A /* ContentViewController.swift */ = {isa = PBXFileReference; fileEncoding = 4; lastKnownFileType = sourcecode.swift; path = ContentViewController.swift; sourceTree = "<group>"; };
		F4BFE5401C05566000DC596E /* AddWaterLogViewController.swift */ = {isa = PBXFileReference; fileEncoding = 4; lastKnownFileType = sourcecode.swift; path = AddWaterLogViewController.swift; sourceTree = "<group>"; };
		F4D482261BFC2BCA00339DFA /* waterful.entitlements */ = {isa = PBXFileReference; lastKnownFileType = text.xml; path = waterful.entitlements; sourceTree = "<group>"; };
		F4D934E51BF985FC00C8B3AD /* ko */ = {isa = PBXFileReference; lastKnownFileType = text.plist.strings; name = ko; path = ko.lproj/Main.strings; sourceTree = "<group>"; };
		F4D934E71BF9860300C8B3AD /* en */ = {isa = PBXFileReference; lastKnownFileType = text.plist.strings; name = en; path = en.lproj/Main.strings; sourceTree = "<group>"; };
/* End PBXFileReference section */

/* Begin PBXFrameworksBuildPhase section */
		F4B2E8951BC6C9EC00A93E58 /* Frameworks */ = {
			isa = PBXFrameworksBuildPhase;
			buildActionMask = 2147483647;
			files = (
				F48C7EDD1CBA3E08006FB971 /* HealthKit.framework in Frameworks */,
			);
			runOnlyForDeploymentPostprocessing = 0;
		};
		F4B2E8A91BC6C9EC00A93E58 /* Frameworks */ = {
			isa = PBXFrameworksBuildPhase;
			buildActionMask = 2147483647;
			files = (
			);
			runOnlyForDeploymentPostprocessing = 0;
		};
		F4B2E8B41BC6C9EC00A93E58 /* Frameworks */ = {
			isa = PBXFrameworksBuildPhase;
			buildActionMask = 2147483647;
			files = (
			);
			runOnlyForDeploymentPostprocessing = 0;
		};
		F4B2E8D41BC6CA1700A93E58 /* Frameworks */ = {
			isa = PBXFrameworksBuildPhase;
			buildActionMask = 2147483647;
			files = (
			);
			runOnlyForDeploymentPostprocessing = 0;
		};
/* End PBXFrameworksBuildPhase section */

/* Begin PBXGroup section */
		9DF662041BDF1E8A00123EA7 /* noti */ = {
			isa = PBXGroup;
			children = (
				C71504061BEE04C00023A871 /* NotificationBuilder.swift */,
				9D16DD5E1BDE8AA4005C6FFE /* NotificationManager.swift */,
			);
			name = noti;
			path = ..;
			sourceTree = "<group>";
		};
		C7BB7FA51BEE0DD900C4C12F /* PatternPredictor */ = {
			isa = PBXGroup;
			children = (
				C7BB7FA61BEE0DF000C4C12F /* WaterPattern.swift */,
				C7BB7FA81BEE0EEC00C4C12F /* WaterPatternPredictor.swift */,
			);
			name = PatternPredictor;
			sourceTree = "<group>";
		};
		C7E495351BDCB9B8004FAF45 /* core_data */ = {
			isa = PBXGroup;
			children = (
				C7A1ECB91BDB9D8D00E51EE8 /* waterfulDataModel.xcdatamodeld */,
				C7E495271BDCB9B3004FAF45 /* WaterLog+CoreDataProperties.swift */,
				C7E495281BDCB9B3004FAF45 /* WaterLog.swift */,
				C7E495291BDCB9B3004FAF45 /* StepDate+CoreDataProperties.swift */,
				C7E4952A1BDCB9B3004FAF45 /* StepDate.swift */,
				C7E4952B1BDCB9B3004FAF45 /* Setting+CoreDataProperties.swift */,
				C7E4952C1BDCB9B3004FAF45 /* Setting.swift */,
			);
			name = core_data;
			path = ..;
			sourceTree = "<group>";
		};
		C7E495361BDCBB89004FAF45 /* ViewControllers */ = {
			isa = PBXGroup;
			children = (
				F4B2E89D1BC6C9EC00A93E58 /* ViewController.swift */,
				F4AF28C51BDEF84E00E36E1B /* SettingTableViewController.swift */,
				F4088FB51BF60E6D00A7D988 /* WaterLogViewController.swift */,
				F4B3F3E91BFC8BEF00CB332A /* HowToPageViewController.swift */,
				F4B3F3EB1BFC964100CB332A /* ContentViewController.swift */,
				F4BFE5401C05566000DC596E /* AddWaterLogViewController.swift */,
			);
			name = ViewControllers;
			sourceTree = "<group>";
		};
		C7E495371BDCBBF4004FAF45 /* InterfaceControllers */ = {
			isa = PBXGroup;
			children = (
				F4B2E8DE1BC6CA1700A93E58 /* InterfaceController.swift */,
				F4AC19371BF72B8D00079EC1 /* GlanceInterfaceController.swift */,
			);
			name = InterfaceControllers;
			sourceTree = "<group>";
		};
		F4B2E88F1BC6C9EC00A93E58 = {
			isa = PBXGroup;
			children = (
				F48C7EDC1CBA3E08006FB971 /* HealthKit.framework */,
				F4B2E89A1BC6C9EC00A93E58 /* waterful */,
				F4B2E8AF1BC6C9EC00A93E58 /* waterfulTests */,
				F4B2E8BA1BC6C9EC00A93E58 /* waterfulUITests */,
				F4B2E8CC1BC6CA1700A93E58 /* waterful_watch */,
				F4B2E8DB1BC6CA1700A93E58 /* waterful_watch Extension */,
				F4B2E8991BC6C9EC00A93E58 /* Products */,
			);
			sourceTree = "<group>";
		};
		F4B2E8991BC6C9EC00A93E58 /* Products */ = {
			isa = PBXGroup;
			children = (
				F4B2E8981BC6C9EC00A93E58 /* waterful.app */,
				F4B2E8AC1BC6C9EC00A93E58 /* waterfulTests.xctest */,
				F4B2E8B71BC6C9EC00A93E58 /* waterfulUITests.xctest */,
				F4B2E8CB1BC6CA1700A93E58 /* waterful_watch.app */,
				F4B2E8D71BC6CA1700A93E58 /* waterful_watch Extension.appex */,
			);
			name = Products;
			sourceTree = "<group>";
		};
		F4B2E89A1BC6C9EC00A93E58 /* waterful */ = {
			isa = PBXGroup;
			children = (
				F4D482261BFC2BCA00339DFA /* waterful.entitlements */,
				9D72A0111BF70B8B007EAEFD /* Localizable.strings */,
				C7BB7FA51BEE0DD900C4C12F /* PatternPredictor */,
				9DF662041BDF1E8A00123EA7 /* noti */,
				F4B2E89B1BC6C9EC00A93E58 /* AppDelegate.swift */,
				C7E495361BDCBB89004FAF45 /* ViewControllers */,
				C7E495351BDCB9B8004FAF45 /* core_data */,
				F4B2E89F1BC6C9EC00A93E58 /* Main.storyboard */,
				F4B2E8A21BC6C9EC00A93E58 /* Assets.xcassets */,
				F4B2E8A41BC6C9EC00A93E58 /* LaunchScreen.storyboard */,
				F4B2E8A71BC6C9EC00A93E58 /* Info.plist */,
				C78C213A1BDCEB3900DB45A8 /* HealthManager.swift */,
				C772A4951BF8B09A00E97857 /* WaterLogManager.swift */,
			);
			path = waterful;
			sourceTree = "<group>";
		};
		F4B2E8AF1BC6C9EC00A93E58 /* waterfulTests */ = {
			isa = PBXGroup;
			children = (
				F4B2E8B01BC6C9EC00A93E58 /* waterfulTests.swift */,
				F4B2E8B21BC6C9EC00A93E58 /* Info.plist */,
			);
			path = waterfulTests;
			sourceTree = "<group>";
		};
		F4B2E8BA1BC6C9EC00A93E58 /* waterfulUITests */ = {
			isa = PBXGroup;
			children = (
				F4B2E8BB1BC6C9EC00A93E58 /* waterfulUITests.swift */,
				F4B2E8BD1BC6C9EC00A93E58 /* Info.plist */,
			);
			path = waterfulUITests;
			sourceTree = "<group>";
		};
		F4B2E8CC1BC6CA1700A93E58 /* waterful_watch */ = {
			isa = PBXGroup;
			children = (
				F4B2E8CD1BC6CA1700A93E58 /* Interface.storyboard */,
				F4B2E8D01BC6CA1700A93E58 /* Assets.xcassets */,
				F4B2E8D21BC6CA1700A93E58 /* Info.plist */,
			);
			path = waterful_watch;
			sourceTree = "<group>";
		};
		F4B2E8DB1BC6CA1700A93E58 /* waterful_watch Extension */ = {
			isa = PBXGroup;
			children = (
				F4B2E8E01BC6CA1700A93E58 /* ExtensionDelegate.swift */,
				F4B2E8DC1BC6CA1700A93E58 /* Supporting Files */,
				C7E495371BDCBBF4004FAF45 /* InterfaceControllers */,
				F4B2E8E21BC6CA1700A93E58 /* NotificationController.swift */,
				F4B2E8E41BC6CA1700A93E58 /* Assets.xcassets */,
				F4B2E8E61BC6CA1700A93E58 /* Info.plist */,
			);
			path = "waterful_watch Extension";
			sourceTree = "<group>";
		};
		F4B2E8DC1BC6CA1700A93E58 /* Supporting Files */ = {
			isa = PBXGroup;
			children = (
				F4B2E8DD1BC6CA1700A93E58 /* PushNotificationPayload.apns */,
			);
			name = "Supporting Files";
			path = "waterful_watch Extension";
			sourceTree = SOURCE_ROOT;
		};
/* End PBXGroup section */

/* Begin PBXNativeTarget section */
		F4B2E8971BC6C9EC00A93E58 /* waterful */ = {
			isa = PBXNativeTarget;
			buildConfigurationList = F4B2E8C01BC6C9EC00A93E58 /* Build configuration list for PBXNativeTarget "waterful" */;
			buildPhases = (
				F4B2E8941BC6C9EC00A93E58 /* Sources */,
				F4B2E8951BC6C9EC00A93E58 /* Frameworks */,
				F4B2E8961BC6C9EC00A93E58 /* Resources */,
				F4B2E8F11BC6CA1700A93E58 /* Embed Watch Content */,
			);
			buildRules = (
			);
			dependencies = (
				F4B2E8E81BC6CA1700A93E58 /* PBXTargetDependency */,
			);
			name = waterful;
			productName = waterful;
			productReference = F4B2E8981BC6C9EC00A93E58 /* waterful.app */;
			productType = "com.apple.product-type.application";
		};
		F4B2E8AB1BC6C9EC00A93E58 /* waterfulTests */ = {
			isa = PBXNativeTarget;
			buildConfigurationList = F4B2E8C31BC6C9EC00A93E58 /* Build configuration list for PBXNativeTarget "waterfulTests" */;
			buildPhases = (
				F4B2E8A81BC6C9EC00A93E58 /* Sources */,
				F4B2E8A91BC6C9EC00A93E58 /* Frameworks */,
				F4B2E8AA1BC6C9EC00A93E58 /* Resources */,
			);
			buildRules = (
			);
			dependencies = (
				F4B2E8AE1BC6C9EC00A93E58 /* PBXTargetDependency */,
			);
			name = waterfulTests;
			productName = waterfulTests;
			productReference = F4B2E8AC1BC6C9EC00A93E58 /* waterfulTests.xctest */;
			productType = "com.apple.product-type.bundle.unit-test";
		};
		F4B2E8B61BC6C9EC00A93E58 /* waterfulUITests */ = {
			isa = PBXNativeTarget;
			buildConfigurationList = F4B2E8C61BC6C9EC00A93E58 /* Build configuration list for PBXNativeTarget "waterfulUITests" */;
			buildPhases = (
				F4B2E8B31BC6C9EC00A93E58 /* Sources */,
				F4B2E8B41BC6C9EC00A93E58 /* Frameworks */,
				F4B2E8B51BC6C9EC00A93E58 /* Resources */,
			);
			buildRules = (
			);
			dependencies = (
				F4B2E8B91BC6C9EC00A93E58 /* PBXTargetDependency */,
			);
			name = waterfulUITests;
			productName = waterfulUITests;
			productReference = F4B2E8B71BC6C9EC00A93E58 /* waterfulUITests.xctest */;
			productType = "com.apple.product-type.bundle.ui-testing";
		};
		F4B2E8CA1BC6CA1700A93E58 /* waterful_watch */ = {
			isa = PBXNativeTarget;
			buildConfigurationList = F4B2E8EE1BC6CA1700A93E58 /* Build configuration list for PBXNativeTarget "waterful_watch" */;
			buildPhases = (
				F4B2E8C91BC6CA1700A93E58 /* Resources */,
				F4B2E8ED1BC6CA1700A93E58 /* Embed App Extensions */,
			);
			buildRules = (
			);
			dependencies = (
				F4B2E8DA1BC6CA1700A93E58 /* PBXTargetDependency */,
			);
			name = waterful_watch;
			productName = waterful_watch;
			productReference = F4B2E8CB1BC6CA1700A93E58 /* waterful_watch.app */;
			productType = "com.apple.product-type.application.watchapp2";
		};
		F4B2E8D61BC6CA1700A93E58 /* waterful_watch Extension */ = {
			isa = PBXNativeTarget;
			buildConfigurationList = F4B2E8EA1BC6CA1700A93E58 /* Build configuration list for PBXNativeTarget "waterful_watch Extension" */;
			buildPhases = (
				F4B2E8D31BC6CA1700A93E58 /* Sources */,
				F4B2E8D41BC6CA1700A93E58 /* Frameworks */,
				F4B2E8D51BC6CA1700A93E58 /* Resources */,
			);
			buildRules = (
			);
			dependencies = (
			);
			name = "waterful_watch Extension";
			productName = "waterful_watch Extension";
			productReference = F4B2E8D71BC6CA1700A93E58 /* waterful_watch Extension.appex */;
			productType = "com.apple.product-type.watchkit2-extension";
		};
/* End PBXNativeTarget section */

/* Begin PBXProject section */
		F4B2E8901BC6C9EC00A93E58 /* Project object */ = {
			isa = PBXProject;
			attributes = {
				LastUpgradeCheck = 0700;
				ORGANIZATIONNAME = suz;
				TargetAttributes = {
					F4B2E8971BC6C9EC00A93E58 = {
						CreatedOnToolsVersion = 7.0.1;
						DevelopmentTeam = XRUF4YU89Q;
						SystemCapabilities = {
							com.apple.HealthKit = {
								enabled = 1;
							};
						};
					};
					F4B2E8AB1BC6C9EC00A93E58 = {
						CreatedOnToolsVersion = 7.0.1;
						TestTargetID = F4B2E8971BC6C9EC00A93E58;
					};
					F4B2E8B61BC6C9EC00A93E58 = {
						CreatedOnToolsVersion = 7.0.1;
						TestTargetID = F4B2E8971BC6C9EC00A93E58;
					};
					F4B2E8CA1BC6CA1700A93E58 = {
						CreatedOnToolsVersion = 7.0.1;
					};
					F4B2E8D61BC6CA1700A93E58 = {
						CreatedOnToolsVersion = 7.0.1;
						DevelopmentTeam = XRUF4YU89Q;
					};
				};
			};
			buildConfigurationList = F4B2E8931BC6C9EC00A93E58 /* Build configuration list for PBXProject "waterful" */;
			compatibilityVersion = "Xcode 3.2";
			developmentRegion = English;
			hasScannedForEncodings = 0;
			knownRegions = (
				en,
				Base,
				ko,
			);
			mainGroup = F4B2E88F1BC6C9EC00A93E58;
			productRefGroup = F4B2E8991BC6C9EC00A93E58 /* Products */;
			projectDirPath = "";
			projectRoot = "";
			targets = (
				F4B2E8971BC6C9EC00A93E58 /* waterful */,
				F4B2E8CA1BC6CA1700A93E58 /* waterful_watch */,
				F4B2E8AB1BC6C9EC00A93E58 /* waterfulTests */,
				F4B2E8B61BC6C9EC00A93E58 /* waterfulUITests */,
				F4B2E8D61BC6CA1700A93E58 /* waterful_watch Extension */,
			);
		};
/* End PBXProject section */

/* Begin PBXResourcesBuildPhase section */
		F4B2E8961BC6C9EC00A93E58 /* Resources */ = {
			isa = PBXResourcesBuildPhase;
			buildActionMask = 2147483647;
			files = (
				F4B2E8A61BC6C9EC00A93E58 /* LaunchScreen.storyboard in Resources */,
				9D72A00F1BF70B8B007EAEFD /* Localizable.strings in Resources */,
				F4B2E8A31BC6C9EC00A93E58 /* Assets.xcassets in Resources */,
				F4B2E8A11BC6C9EC00A93E58 /* Main.storyboard in Resources */,
			);
			runOnlyForDeploymentPostprocessing = 0;
		};
		F4B2E8AA1BC6C9EC00A93E58 /* Resources */ = {
			isa = PBXResourcesBuildPhase;
			buildActionMask = 2147483647;
			files = (
			);
			runOnlyForDeploymentPostprocessing = 0;
		};
		F4B2E8B51BC6C9EC00A93E58 /* Resources */ = {
			isa = PBXResourcesBuildPhase;
			buildActionMask = 2147483647;
			files = (
			);
			runOnlyForDeploymentPostprocessing = 0;
		};
		F4B2E8C91BC6CA1700A93E58 /* Resources */ = {
			isa = PBXResourcesBuildPhase;
			buildActionMask = 2147483647;
			files = (
				F4B2E8D11BC6CA1700A93E58 /* Assets.xcassets in Resources */,
				F4B2E8CF1BC6CA1700A93E58 /* Interface.storyboard in Resources */,
			);
			runOnlyForDeploymentPostprocessing = 0;
		};
		F4B2E8D51BC6CA1700A93E58 /* Resources */ = {
			isa = PBXResourcesBuildPhase;
			buildActionMask = 2147483647;
			files = (
				F4B2E8E51BC6CA1700A93E58 /* Assets.xcassets in Resources */,
			);
			runOnlyForDeploymentPostprocessing = 0;
		};
/* End PBXResourcesBuildPhase section */

/* Begin PBXSourcesBuildPhase section */
		F4B2E8941BC6C9EC00A93E58 /* Sources */ = {
			isa = PBXSourcesBuildPhase;
			buildActionMask = 2147483647;
			files = (
				C772A4961BF8B09A00E97857 /* WaterLogManager.swift in Sources */,
				F4B3F3EA1BFC8BEF00CB332A /* HowToPageViewController.swift in Sources */,
				C7E4952F1BDCB9B3004FAF45 /* WaterLog+CoreDataProperties.swift in Sources */,
				F4BFE5411C05566000DC596E /* AddWaterLogViewController.swift in Sources */,
				F4AF28C61BDEF84E00E36E1B /* SettingTableViewController.swift in Sources */,
				C71504071BEE04C00023A871 /* NotificationBuilder.swift in Sources */,
				C7E495341BDCB9B3004FAF45 /* Setting.swift in Sources */,
				9D16DD5F1BDE8AA4005C6FFE /* NotificationManager.swift in Sources */,
				C7E495311BDCB9B3004FAF45 /* StepDate+CoreDataProperties.swift in Sources */,
				C7E495331BDCB9B3004FAF45 /* Setting+CoreDataProperties.swift in Sources */,
				F4B3F3EC1BFC964100CB332A /* ContentViewController.swift in Sources */,
				F4088FB61BF60E6D00A7D988 /* WaterLogViewController.swift in Sources */,
				C7BB7FA71BEE0DF000C4C12F /* WaterPattern.swift in Sources */,
				F4B2E89E1BC6C9EC00A93E58 /* ViewController.swift in Sources */,
				F4B2E89C1BC6C9EC00A93E58 /* AppDelegate.swift in Sources */,
				C7E495301BDCB9B3004FAF45 /* WaterLog.swift in Sources */,
				C78C213B1BDCEB3900DB45A8 /* HealthManager.swift in Sources */,
				C7BB7FA91BEE0EEC00C4C12F /* WaterPatternPredictor.swift in Sources */,
				C7A1ECBB1BDB9D8D00E51EE8 /* waterfulDataModel.xcdatamodeld in Sources */,
				C7E495321BDCB9B3004FAF45 /* StepDate.swift in Sources */,
			);
			runOnlyForDeploymentPostprocessing = 0;
		};
		F4B2E8A81BC6C9EC00A93E58 /* Sources */ = {
			isa = PBXSourcesBuildPhase;
			buildActionMask = 2147483647;
			files = (
				F4B2E8B11BC6C9EC00A93E58 /* waterfulTests.swift in Sources */,
			);
			runOnlyForDeploymentPostprocessing = 0;
		};
		F4B2E8B31BC6C9EC00A93E58 /* Sources */ = {
			isa = PBXSourcesBuildPhase;
			buildActionMask = 2147483647;
			files = (
				F4B2E8BC1BC6C9EC00A93E58 /* waterfulUITests.swift in Sources */,
			);
			runOnlyForDeploymentPostprocessing = 0;
		};
		F4B2E8D31BC6CA1700A93E58 /* Sources */ = {
			isa = PBXSourcesBuildPhase;
			buildActionMask = 2147483647;
			files = (
				F4B2E8E31BC6CA1700A93E58 /* NotificationController.swift in Sources */,
				F4AC19381BF72B8D00079EC1 /* GlanceInterfaceController.swift in Sources */,
				F4B2E8E11BC6CA1700A93E58 /* ExtensionDelegate.swift in Sources */,
				F4B2E8DF1BC6CA1700A93E58 /* InterfaceController.swift in Sources */,
			);
			runOnlyForDeploymentPostprocessing = 0;
		};
/* End PBXSourcesBuildPhase section */

/* Begin PBXTargetDependency section */
		F4B2E8AE1BC6C9EC00A93E58 /* PBXTargetDependency */ = {
			isa = PBXTargetDependency;
			target = F4B2E8971BC6C9EC00A93E58 /* waterful */;
			targetProxy = F4B2E8AD1BC6C9EC00A93E58 /* PBXContainerItemProxy */;
		};
		F4B2E8B91BC6C9EC00A93E58 /* PBXTargetDependency */ = {
			isa = PBXTargetDependency;
			target = F4B2E8971BC6C9EC00A93E58 /* waterful */;
			targetProxy = F4B2E8B81BC6C9EC00A93E58 /* PBXContainerItemProxy */;
		};
		F4B2E8DA1BC6CA1700A93E58 /* PBXTargetDependency */ = {
			isa = PBXTargetDependency;
			target = F4B2E8D61BC6CA1700A93E58 /* waterful_watch Extension */;
			targetProxy = F4B2E8D91BC6CA1700A93E58 /* PBXContainerItemProxy */;
		};
		F4B2E8E81BC6CA1700A93E58 /* PBXTargetDependency */ = {
			isa = PBXTargetDependency;
			target = F4B2E8CA1BC6CA1700A93E58 /* waterful_watch */;
			targetProxy = F4B2E8E71BC6CA1700A93E58 /* PBXContainerItemProxy */;
		};
/* End PBXTargetDependency section */

/* Begin PBXVariantGroup section */
		9D72A0111BF70B8B007EAEFD /* Localizable.strings */ = {
			isa = PBXVariantGroup;
			children = (
				9D72A0101BF70B8B007EAEFD /* Base */,
				9D72A0121BF70B9C007EAEFD /* en */,
				9D72A0131BF70B9D007EAEFD /* ko */,
			);
			name = Localizable.strings;
			path = ..;
			sourceTree = "<group>";
		};
		F4B2E89F1BC6C9EC00A93E58 /* Main.storyboard */ = {
			isa = PBXVariantGroup;
			children = (
				F4B2E8A01BC6C9EC00A93E58 /* Base */,
				F4D934E51BF985FC00C8B3AD /* ko */,
				F4D934E71BF9860300C8B3AD /* en */,
			);
			name = Main.storyboard;
			sourceTree = "<group>";
		};
		F4B2E8A41BC6C9EC00A93E58 /* LaunchScreen.storyboard */ = {
			isa = PBXVariantGroup;
			children = (
				F4B2E8A51BC6C9EC00A93E58 /* Base */,
				9D72A00B1BF709EA007EAEFD /* ko */,
			);
			name = LaunchScreen.storyboard;
			sourceTree = "<group>";
		};
		F4B2E8CD1BC6CA1700A93E58 /* Interface.storyboard */ = {
			isa = PBXVariantGroup;
			children = (
				F4B2E8CE1BC6CA1700A93E58 /* Base */,
				9D72A00C1BF709EA007EAEFD /* ko */,
			);
			name = Interface.storyboard;
			sourceTree = "<group>";
		};
/* End PBXVariantGroup section */

/* Begin XCBuildConfiguration section */
		F4B2E8BE1BC6C9EC00A93E58 /* Debug */ = {
			isa = XCBuildConfiguration;
			buildSettings = {
				ALWAYS_SEARCH_USER_PATHS = NO;
				CLANG_CXX_LANGUAGE_STANDARD = "gnu++0x";
				CLANG_CXX_LIBRARY = "libc++";
				CLANG_ENABLE_MODULES = YES;
				CLANG_ENABLE_OBJC_ARC = YES;
				CLANG_WARN_BOOL_CONVERSION = YES;
				CLANG_WARN_CONSTANT_CONVERSION = YES;
				CLANG_WARN_DIRECT_OBJC_ISA_USAGE = YES_ERROR;
				CLANG_WARN_EMPTY_BODY = YES;
				CLANG_WARN_ENUM_CONVERSION = YES;
				CLANG_WARN_INT_CONVERSION = YES;
				CLANG_WARN_OBJC_ROOT_CLASS = YES_ERROR;
				CLANG_WARN_UNREACHABLE_CODE = YES;
				CLANG_WARN__DUPLICATE_METHOD_MATCH = YES;
				"CODE_SIGN_IDENTITY[sdk=iphoneos*]" = "iPhone Developer";
				COPY_PHASE_STRIP = NO;
				DEBUG_INFORMATION_FORMAT = dwarf;
				ENABLE_STRICT_OBJC_MSGSEND = YES;
				ENABLE_TESTABILITY = YES;
				GCC_C_LANGUAGE_STANDARD = gnu99;
				GCC_DYNAMIC_NO_PIC = NO;
				GCC_NO_COMMON_BLOCKS = YES;
				GCC_OPTIMIZATION_LEVEL = 0;
				GCC_PREPROCESSOR_DEFINITIONS = (
					"DEBUG=1",
					"$(inherited)",
				);
				GCC_WARN_64_TO_32_BIT_CONVERSION = YES;
				GCC_WARN_ABOUT_RETURN_TYPE = YES_ERROR;
				GCC_WARN_UNDECLARED_SELECTOR = YES;
				GCC_WARN_UNINITIALIZED_AUTOS = YES_AGGRESSIVE;
				GCC_WARN_UNUSED_FUNCTION = YES;
				GCC_WARN_UNUSED_VARIABLE = YES;
				IPHONEOS_DEPLOYMENT_TARGET = 9.0;
				MTL_ENABLE_DEBUG_INFO = YES;
				ONLY_ACTIVE_ARCH = YES;
				SDKROOT = iphoneos;
				SWIFT_OPTIMIZATION_LEVEL = "-Onone";
				TARGETED_DEVICE_FAMILY = "1,2";
			};
			name = Debug;
		};
		F4B2E8BF1BC6C9EC00A93E58 /* Release */ = {
			isa = XCBuildConfiguration;
			buildSettings = {
				ALWAYS_SEARCH_USER_PATHS = NO;
				CLANG_CXX_LANGUAGE_STANDARD = "gnu++0x";
				CLANG_CXX_LIBRARY = "libc++";
				CLANG_ENABLE_MODULES = YES;
				CLANG_ENABLE_OBJC_ARC = YES;
				CLANG_WARN_BOOL_CONVERSION = YES;
				CLANG_WARN_CONSTANT_CONVERSION = YES;
				CLANG_WARN_DIRECT_OBJC_ISA_USAGE = YES_ERROR;
				CLANG_WARN_EMPTY_BODY = YES;
				CLANG_WARN_ENUM_CONVERSION = YES;
				CLANG_WARN_INT_CONVERSION = YES;
				CLANG_WARN_OBJC_ROOT_CLASS = YES_ERROR;
				CLANG_WARN_UNREACHABLE_CODE = YES;
				CLANG_WARN__DUPLICATE_METHOD_MATCH = YES;
				"CODE_SIGN_IDENTITY[sdk=iphoneos*]" = "iPhone Developer";
				COPY_PHASE_STRIP = NO;
				DEBUG_INFORMATION_FORMAT = "dwarf-with-dsym";
				ENABLE_NS_ASSERTIONS = NO;
				ENABLE_STRICT_OBJC_MSGSEND = YES;
				GCC_C_LANGUAGE_STANDARD = gnu99;
				GCC_NO_COMMON_BLOCKS = YES;
				GCC_WARN_64_TO_32_BIT_CONVERSION = YES;
				GCC_WARN_ABOUT_RETURN_TYPE = YES_ERROR;
				GCC_WARN_UNDECLARED_SELECTOR = YES;
				GCC_WARN_UNINITIALIZED_AUTOS = YES_AGGRESSIVE;
				GCC_WARN_UNUSED_FUNCTION = YES;
				GCC_WARN_UNUSED_VARIABLE = YES;
				IPHONEOS_DEPLOYMENT_TARGET = 9.0;
				MTL_ENABLE_DEBUG_INFO = NO;
				SDKROOT = iphoneos;
				TARGETED_DEVICE_FAMILY = "1,2";
				VALIDATE_PRODUCT = YES;
			};
			name = Release;
		};
		F4B2E8C11BC6C9EC00A93E58 /* Debug */ = {
			isa = XCBuildConfiguration;
			buildSettings = {
				ASSETCATALOG_COMPILER_APPICON_NAME = AppIcon;
				CODE_SIGN_ENTITLEMENTS = waterful/waterful.entitlements;
				CODE_SIGN_IDENTITY = "iPhone Developer";
				"CODE_SIGN_IDENTITY[sdk=iphoneos*]" = "iPhone Developer";
				INFOPLIST_FILE = waterful/Info.plist;
				LD_RUNPATH_SEARCH_PATHS = "$(inherited) @executable_path/Frameworks";
				PRODUCT_BUNDLE_IDENTIFIER = suz.waterful;
				PRODUCT_NAME = "$(TARGET_NAME)";
				PROVISIONING_PROFILE = "";
				TARGETED_DEVICE_FAMILY = 1;
			};
			name = Debug;
		};
		F4B2E8C21BC6C9EC00A93E58 /* Release */ = {
			isa = XCBuildConfiguration;
			buildSettings = {
				ASSETCATALOG_COMPILER_APPICON_NAME = AppIcon;
				CODE_SIGN_ENTITLEMENTS = waterful/waterful.entitlements;
				CODE_SIGN_IDENTITY = "iPhone Developer";
				"CODE_SIGN_IDENTITY[sdk=iphoneos*]" = "iPhone Developer";
				INFOPLIST_FILE = waterful/Info.plist;
				LD_RUNPATH_SEARCH_PATHS = "$(inherited) @executable_path/Frameworks";
				PRODUCT_BUNDLE_IDENTIFIER = suz.waterful;
				PRODUCT_NAME = "$(TARGET_NAME)";
				PROVISIONING_PROFILE = "";
				TARGETED_DEVICE_FAMILY = 1;
			};
			name = Release;
		};
		F4B2E8C41BC6C9EC00A93E58 /* Debug */ = {
			isa = XCBuildConfiguration;
			buildSettings = {
				BUNDLE_LOADER = "$(TEST_HOST)";
				INFOPLIST_FILE = waterfulTests/Info.plist;
				LD_RUNPATH_SEARCH_PATHS = "$(inherited) @executable_path/Frameworks @loader_path/Frameworks";
				PRODUCT_BUNDLE_IDENTIFIER = suz.waterfulTests;
				PRODUCT_NAME = "$(TARGET_NAME)";
				TEST_HOST = "$(BUILT_PRODUCTS_DIR)/waterful.app/waterful";
			};
			name = Debug;
		};
		F4B2E8C51BC6C9EC00A93E58 /* Release */ = {
			isa = XCBuildConfiguration;
			buildSettings = {
				BUNDLE_LOADER = "$(TEST_HOST)";
				INFOPLIST_FILE = waterfulTests/Info.plist;
				LD_RUNPATH_SEARCH_PATHS = "$(inherited) @executable_path/Frameworks @loader_path/Frameworks";
				PRODUCT_BUNDLE_IDENTIFIER = suz.waterfulTests;
				PRODUCT_NAME = "$(TARGET_NAME)";
				TEST_HOST = "$(BUILT_PRODUCTS_DIR)/waterful.app/waterful";
			};
			name = Release;
		};
		F4B2E8C71BC6C9EC00A93E58 /* Debug */ = {
			isa = XCBuildConfiguration;
			buildSettings = {
				INFOPLIST_FILE = waterfulUITests/Info.plist;
				LD_RUNPATH_SEARCH_PATHS = "$(inherited) @executable_path/Frameworks @loader_path/Frameworks";
				PRODUCT_BUNDLE_IDENTIFIER = suz.waterfulUITests;
				PRODUCT_NAME = "$(TARGET_NAME)";
				TEST_TARGET_NAME = waterful;
				USES_XCTRUNNER = YES;
			};
			name = Debug;
		};
		F4B2E8C81BC6C9EC00A93E58 /* Release */ = {
			isa = XCBuildConfiguration;
			buildSettings = {
				INFOPLIST_FILE = waterfulUITests/Info.plist;
				LD_RUNPATH_SEARCH_PATHS = "$(inherited) @executable_path/Frameworks @loader_path/Frameworks";
				PRODUCT_BUNDLE_IDENTIFIER = suz.waterfulUITests;
				PRODUCT_NAME = "$(TARGET_NAME)";
				TEST_TARGET_NAME = waterful;
				USES_XCTRUNNER = YES;
			};
			name = Release;
		};
		F4B2E8EB1BC6CA1700A93E58 /* Debug */ = {
			isa = XCBuildConfiguration;
			buildSettings = {
				CODE_SIGN_IDENTITY = "iPhone Developer";
				"CODE_SIGN_IDENTITY[sdk=watchos*]" = "iPhone Developer";
				INFOPLIST_FILE = "waterful_watch Extension/Info.plist";
				LD_RUNPATH_SEARCH_PATHS = "$(inherited) @executable_path/Frameworks @executable_path/../../Frameworks";
				PRODUCT_BUNDLE_IDENTIFIER = suz.waterful.watchkitapp.watchkitextension;
				PRODUCT_NAME = "${TARGET_NAME}";
				PROVISIONING_PROFILE = "";
				SDKROOT = watchos;
				SKIP_INSTALL = YES;
				TARGETED_DEVICE_FAMILY = 4;
				WATCHOS_DEPLOYMENT_TARGET = 2.0;
			};
			name = Debug;
		};
		F4B2E8EC1BC6CA1700A93E58 /* Release */ = {
			isa = XCBuildConfiguration;
			buildSettings = {
				CODE_SIGN_IDENTITY = "iPhone Developer";
				"CODE_SIGN_IDENTITY[sdk=watchos*]" = "iPhone Developer";
				INFOPLIST_FILE = "waterful_watch Extension/Info.plist";
				LD_RUNPATH_SEARCH_PATHS = "$(inherited) @executable_path/Frameworks @executable_path/../../Frameworks";
				PRODUCT_BUNDLE_IDENTIFIER = suz.waterful.watchkitapp.watchkitextension;
				PRODUCT_NAME = "${TARGET_NAME}";
				PROVISIONING_PROFILE = "";
				SDKROOT = watchos;
				SKIP_INSTALL = YES;
				TARGETED_DEVICE_FAMILY = 4;
				WATCHOS_DEPLOYMENT_TARGET = 2.0;
			};
			name = Release;
		};
		F4B2E8EF1BC6CA1700A93E58 /* Debug */ = {
			isa = XCBuildConfiguration;
			buildSettings = {
				ASSETCATALOG_COMPILER_APPICON_NAME = AppIcon;
				CODE_SIGN_IDENTITY = "iPhone Developer";
				EMBEDDED_CONTENT_CONTAINS_SWIFT = YES;
				IBSC_MODULE = waterful_watch_Extension;
				INFOPLIST_FILE = waterful_watch/Info.plist;
				PRODUCT_BUNDLE_IDENTIFIER = suz.waterful.watchkitapp;
				PRODUCT_NAME = "$(TARGET_NAME)";
				SDKROOT = watchos;
				SKIP_INSTALL = YES;
				TARGETED_DEVICE_FAMILY = 4;
				WATCHOS_DEPLOYMENT_TARGET = 2.0;
			};
			name = Debug;
		};
		F4B2E8F01BC6CA1700A93E58 /* Release */ = {
			isa = XCBuildConfiguration;
			buildSettings = {
				ASSETCATALOG_COMPILER_APPICON_NAME = AppIcon;
				CODE_SIGN_IDENTITY = "iPhone Developer";
				EMBEDDED_CONTENT_CONTAINS_SWIFT = YES;
				IBSC_MODULE = waterful_watch_Extension;
				INFOPLIST_FILE = waterful_watch/Info.plist;
				PRODUCT_BUNDLE_IDENTIFIER = suz.waterful.watchkitapp;
				PRODUCT_NAME = "$(TARGET_NAME)";
				SDKROOT = watchos;
				SKIP_INSTALL = YES;
				TARGETED_DEVICE_FAMILY = 4;
				WATCHOS_DEPLOYMENT_TARGET = 2.0;
			};
			name = Release;
		};
/* End XCBuildConfiguration section */

/* Begin XCConfigurationList section */
		F4B2E8931BC6C9EC00A93E58 /* Build configuration list for PBXProject "waterful" */ = {
			isa = XCConfigurationList;
			buildConfigurations = (
				F4B2E8BE1BC6C9EC00A93E58 /* Debug */,
				F4B2E8BF1BC6C9EC00A93E58 /* Release */,
			);
			defaultConfigurationIsVisible = 0;
			defaultConfigurationName = Release;
		};
		F4B2E8C01BC6C9EC00A93E58 /* Build configuration list for PBXNativeTarget "waterful" */ = {
			isa = XCConfigurationList;
			buildConfigurations = (
				F4B2E8C11BC6C9EC00A93E58 /* Debug */,
				F4B2E8C21BC6C9EC00A93E58 /* Release */,
			);
			defaultConfigurationIsVisible = 0;
			defaultConfigurationName = Release;
		};
		F4B2E8C31BC6C9EC00A93E58 /* Build configuration list for PBXNativeTarget "waterfulTests" */ = {
			isa = XCConfigurationList;
			buildConfigurations = (
				F4B2E8C41BC6C9EC00A93E58 /* Debug */,
				F4B2E8C51BC6C9EC00A93E58 /* Release */,
			);
			defaultConfigurationIsVisible = 0;
			defaultConfigurationName = Release;
		};
		F4B2E8C61BC6C9EC00A93E58 /* Build configuration list for PBXNativeTarget "waterfulUITests" */ = {
			isa = XCConfigurationList;
			buildConfigurations = (
				F4B2E8C71BC6C9EC00A93E58 /* Debug */,
				F4B2E8C81BC6C9EC00A93E58 /* Release */,
			);
			defaultConfigurationIsVisible = 0;
			defaultConfigurationName = Release;
		};
		F4B2E8EA1BC6CA1700A93E58 /* Build configuration list for PBXNativeTarget "waterful_watch Extension" */ = {
			isa = XCConfigurationList;
			buildConfigurations = (
				F4B2E8EB1BC6CA1700A93E58 /* Debug */,
				F4B2E8EC1BC6CA1700A93E58 /* Release */,
			);
			defaultConfigurationIsVisible = 0;
			defaultConfigurationName = Release;
		};
		F4B2E8EE1BC6CA1700A93E58 /* Build configuration list for PBXNativeTarget "waterful_watch" */ = {
			isa = XCConfigurationList;
			buildConfigurations = (
				F4B2E8EF1BC6CA1700A93E58 /* Debug */,
				F4B2E8F01BC6CA1700A93E58 /* Release */,
			);
			defaultConfigurationIsVisible = 0;
			defaultConfigurationName = Release;
		};
/* End XCConfigurationList section */

/* Begin XCVersionGroup section */
		C7A1ECB91BDB9D8D00E51EE8 /* waterfulDataModel.xcdatamodeld */ = {
			isa = XCVersionGroup;
			children = (
				C7A1ECBA1BDB9D8D00E51EE8 /* waterfulDataModel.xcdatamodel */,
			);
			currentVersion = C7A1ECBA1BDB9D8D00E51EE8 /* waterfulDataModel.xcdatamodel */;
			name = waterfulDataModel.xcdatamodeld;
			path = waterful/waterfulDataModel.xcdatamodeld;
			sourceTree = "<group>";
			versionGroupType = wrapper.xcdatamodel;
		};
/* End XCVersionGroup section */
	};
	rootObject = F4B2E8901BC6C9EC00A93E58 /* Project object */;
}
